// !$*UTF8*$!
{
	archiveVersion = 1;
	classes = {
	};
	objectVersion = 56;
	objects = {

/* Begin PBXBuildFile section */
		EC554A9A2A20B7EE00C9A7C3 /* AppDelegate.swift in Sources */ = {isa = PBXBuildFile; fileRef = EC554A992A20B7EE00C9A7C3 /* AppDelegate.swift */; };
		EC554A9C2A20B7EE00C9A7C3 /* SceneDelegate.swift in Sources */ = {isa = PBXBuildFile; fileRef = EC554A9B2A20B7EE00C9A7C3 /* SceneDelegate.swift */; };
		EC554AA32A20B7EF00C9A7C3 /* Assets.xcassets in Resources */ = {isa = PBXBuildFile; fileRef = EC554AA22A20B7EF00C9A7C3 /* Assets.xcassets */; };
		EC554AA62A20B7EF00C9A7C3 /* LaunchScreen.storyboard in Resources */ = {isa = PBXBuildFile; fileRef = EC554AA42A20B7EF00C9A7C3 /* LaunchScreen.storyboard */; };
		EC554AB92A20CD6100C9A7C3 /* HomeVC.swift in Sources */ = {isa = PBXBuildFile; fileRef = EC554AB82A20CD6100C9A7C3 /* HomeVC.swift */; };
		EC554ABE2A20E11700C9A7C3 /* NetworkManager.swift in Sources */ = {isa = PBXBuildFile; fileRef = EC554ABD2A20E11700C9A7C3 /* NetworkManager.swift */; };
		EC554AC02A20E2BF00C9A7C3 /* CustomError.swift in Sources */ = {isa = PBXBuildFile; fileRef = EC554ABF2A20E2BF00C9A7C3 /* CustomError.swift */; };
		EC554AC22A20F12700C9A7C3 /* CacheManager.swift in Sources */ = {isa = PBXBuildFile; fileRef = EC554AC12A20F12700C9A7C3 /* CacheManager.swift */; };
		EC554AC42A20FAF100C9A7C3 /* UIHelper.swift in Sources */ = {isa = PBXBuildFile; fileRef = EC554AC32A20FAF100C9A7C3 /* UIHelper.swift */; };
		EC554AC62A21003500C9A7C3 /* CGFloat+Ext.swift in Sources */ = {isa = PBXBuildFile; fileRef = EC554AC52A21003500C9A7C3 /* CGFloat+Ext.swift */; };
		EC554AC82A21181900C9A7C3 /* APIURLs.swift in Sources */ = {isa = PBXBuildFile; fileRef = EC554AC72A21181900C9A7C3 /* APIURLs.swift */; };
		EC554ACA2A21199F00C9A7C3 /* Constants.swift in Sources */ = {isa = PBXBuildFile; fileRef = EC554AC92A21199F00C9A7C3 /* Constants.swift */; };
		EC554ACC2A212E9600C9A7C3 /* Launch.swift in Sources */ = {isa = PBXBuildFile; fileRef = EC554ACB2A212E9600C9A7C3 /* Launch.swift */; };
		EC554ACE2A22040700C9A7C3 /* Date+Ext.swift in Sources */ = {isa = PBXBuildFile; fileRef = EC554ACD2A22040700C9A7C3 /* Date+Ext.swift */; };
		EC554AD02A2208B000C9A7C3 /* Double+Ext.swift in Sources */ = {isa = PBXBuildFile; fileRef = EC554ACF2A2208B000C9A7C3 /* Double+Ext.swift */; };
		EC554AF72A23A57200C9A7C3 /* UIViewController+Ext.swift in Sources */ = {isa = PBXBuildFile; fileRef = EC554AF62A23A57200C9A7C3 /* UIViewController+Ext.swift */; };
		EC554AF92A23AFE500C9A7C3 /* UIView+Ext.swift in Sources */ = {isa = PBXBuildFile; fileRef = EC554AF82A23AFE500C9A7C3 /* UIView+Ext.swift */; };
		EC554AFC2A23C02500C9A7C3 /* SnapKit in Frameworks */ = {isa = PBXBuildFile; productRef = EC554AFB2A23C02500C9A7C3 /* SnapKit */; };
		EC554B002A23DAC200C9A7C3 /* CustomButton.swift in Sources */ = {isa = PBXBuildFile; fileRef = EC554AFF2A23DAC200C9A7C3 /* CustomButton.swift */; };
		EC554B042A23E7D800C9A7C3 /* CustomImageView.swift in Sources */ = {isa = PBXBuildFile; fileRef = EC554B032A23E7D800C9A7C3 /* CustomImageView.swift */; };
		EC554B072A24966700C9A7C3 /* TitleLabel.swift in Sources */ = {isa = PBXBuildFile; fileRef = EC554B062A24966700C9A7C3 /* TitleLabel.swift */; };
		EC554B092A24A32A00C9A7C3 /* BodyLabel.swift in Sources */ = {isa = PBXBuildFile; fileRef = EC554B082A24A32A00C9A7C3 /* BodyLabel.swift */; };
		EC554B0C2A24A6A300C9A7C3 /* CustomStackView.swift in Sources */ = {isa = PBXBuildFile; fileRef = EC554B0B2A24A6A300C9A7C3 /* CustomStackView.swift */; };
		EC554B0E2A24FEEA00C9A7C3 /* AlertContainerView.swift in Sources */ = {isa = PBXBuildFile; fileRef = EC554B0D2A24FEEA00C9A7C3 /* AlertContainerView.swift */; };
		EC554B112A2502FA00C9A7C3 /* StaticDateView.swift in Sources */ = {isa = PBXBuildFile; fileRef = EC554B102A2502FA00C9A7C3 /* StaticDateView.swift */; };
		EC554B132A25174000C9A7C3 /* DateComponentView.swift in Sources */ = {isa = PBXBuildFile; fileRef = EC554B122A25174000C9A7C3 /* DateComponentView.swift */; };
		EC554B152A25315600C9A7C3 /* LinkItemView.swift in Sources */ = {isa = PBXBuildFile; fileRef = EC554B142A25315600C9A7C3 /* LinkItemView.swift */; };
		EC554B172A255A8100C9A7C3 /* PastLaunchDateView.swift in Sources */ = {isa = PBXBuildFile; fileRef = EC554B162A255A8100C9A7C3 /* PastLaunchDateView.swift */; };
		EC554B192A25D67900C9A7C3 /* LaunchHeaderView.swift in Sources */ = {isa = PBXBuildFile; fileRef = EC554B182A25D67900C9A7C3 /* LaunchHeaderView.swift */; };
		EC554B1C2A26376900C9A7C3 /* CustomAlertVC.swift in Sources */ = {isa = PBXBuildFile; fileRef = EC554B1B2A26376900C9A7C3 /* CustomAlertVC.swift */; };
/* End PBXBuildFile section */

/* Begin PBXFileReference section */
		EC554A962A20B7EE00C9A7C3 /* SpaceX.app */ = {isa = PBXFileReference; explicitFileType = wrapper.application; includeInIndex = 0; path = SpaceX.app; sourceTree = BUILT_PRODUCTS_DIR; };
		EC554A992A20B7EE00C9A7C3 /* AppDelegate.swift */ = {isa = PBXFileReference; lastKnownFileType = sourcecode.swift; path = AppDelegate.swift; sourceTree = "<group>"; };
		EC554A9B2A20B7EE00C9A7C3 /* SceneDelegate.swift */ = {isa = PBXFileReference; lastKnownFileType = sourcecode.swift; path = SceneDelegate.swift; sourceTree = "<group>"; };
		EC554AA22A20B7EF00C9A7C3 /* Assets.xcassets */ = {isa = PBXFileReference; lastKnownFileType = folder.assetcatalog; path = Assets.xcassets; sourceTree = "<group>"; };
		EC554AA52A20B7EF00C9A7C3 /* Base */ = {isa = PBXFileReference; lastKnownFileType = file.storyboard; name = Base; path = Base.lproj/LaunchScreen.storyboard; sourceTree = "<group>"; };
		EC554AA72A20B7EF00C9A7C3 /* Info.plist */ = {isa = PBXFileReference; lastKnownFileType = text.plist.xml; path = Info.plist; sourceTree = "<group>"; };
		EC554AB82A20CD6100C9A7C3 /* HomeVC.swift */ = {isa = PBXFileReference; lastKnownFileType = sourcecode.swift; path = HomeVC.swift; sourceTree = "<group>"; };
		EC554ABD2A20E11700C9A7C3 /* NetworkManager.swift */ = {isa = PBXFileReference; lastKnownFileType = sourcecode.swift; path = NetworkManager.swift; sourceTree = "<group>"; };
		EC554ABF2A20E2BF00C9A7C3 /* CustomError.swift */ = {isa = PBXFileReference; lastKnownFileType = sourcecode.swift; path = CustomError.swift; sourceTree = "<group>"; };
		EC554AC12A20F12700C9A7C3 /* CacheManager.swift */ = {isa = PBXFileReference; lastKnownFileType = sourcecode.swift; path = CacheManager.swift; sourceTree = "<group>"; };
		EC554AC32A20FAF100C9A7C3 /* UIHelper.swift */ = {isa = PBXFileReference; lastKnownFileType = sourcecode.swift; path = UIHelper.swift; sourceTree = "<group>"; };
		EC554AC52A21003500C9A7C3 /* CGFloat+Ext.swift */ = {isa = PBXFileReference; lastKnownFileType = sourcecode.swift; path = "CGFloat+Ext.swift"; sourceTree = "<group>"; };
		EC554AC72A21181900C9A7C3 /* APIURLs.swift */ = {isa = PBXFileReference; lastKnownFileType = sourcecode.swift; path = APIURLs.swift; sourceTree = "<group>"; };
		EC554AC92A21199F00C9A7C3 /* Constants.swift */ = {isa = PBXFileReference; lastKnownFileType = sourcecode.swift; path = Constants.swift; sourceTree = "<group>"; };
		EC554ACB2A212E9600C9A7C3 /* Launch.swift */ = {isa = PBXFileReference; lastKnownFileType = sourcecode.swift; path = Launch.swift; sourceTree = "<group>"; };
		EC554ACD2A22040700C9A7C3 /* Date+Ext.swift */ = {isa = PBXFileReference; lastKnownFileType = sourcecode.swift; path = "Date+Ext.swift"; sourceTree = "<group>"; };
		EC554ACF2A2208B000C9A7C3 /* Double+Ext.swift */ = {isa = PBXFileReference; lastKnownFileType = sourcecode.swift; path = "Double+Ext.swift"; sourceTree = "<group>"; };
		EC554AF62A23A57200C9A7C3 /* UIViewController+Ext.swift */ = {isa = PBXFileReference; lastKnownFileType = sourcecode.swift; path = "UIViewController+Ext.swift"; sourceTree = "<group>"; };
		EC554AF82A23AFE500C9A7C3 /* UIView+Ext.swift */ = {isa = PBXFileReference; lastKnownFileType = sourcecode.swift; path = "UIView+Ext.swift"; sourceTree = "<group>"; };
		EC554AFF2A23DAC200C9A7C3 /* CustomButton.swift */ = {isa = PBXFileReference; lastKnownFileType = sourcecode.swift; path = CustomButton.swift; sourceTree = "<group>"; };
		EC554B032A23E7D800C9A7C3 /* CustomImageView.swift */ = {isa = PBXFileReference; lastKnownFileType = sourcecode.swift; path = CustomImageView.swift; sourceTree = "<group>"; };
		EC554B062A24966700C9A7C3 /* TitleLabel.swift */ = {isa = PBXFileReference; lastKnownFileType = sourcecode.swift; path = TitleLabel.swift; sourceTree = "<group>"; };
		EC554B082A24A32A00C9A7C3 /* BodyLabel.swift */ = {isa = PBXFileReference; lastKnownFileType = sourcecode.swift; path = BodyLabel.swift; sourceTree = "<group>"; };
		EC554B0B2A24A6A300C9A7C3 /* CustomStackView.swift */ = {isa = PBXFileReference; lastKnownFileType = sourcecode.swift; path = CustomStackView.swift; sourceTree = "<group>"; };
		EC554B0D2A24FEEA00C9A7C3 /* AlertContainerView.swift */ = {isa = PBXFileReference; lastKnownFileType = sourcecode.swift; path = AlertContainerView.swift; sourceTree = "<group>"; };
		EC554B102A2502FA00C9A7C3 /* StaticDateView.swift */ = {isa = PBXFileReference; lastKnownFileType = sourcecode.swift; path = StaticDateView.swift; sourceTree = "<group>"; };
		EC554B122A25174000C9A7C3 /* DateComponentView.swift */ = {isa = PBXFileReference; lastKnownFileType = sourcecode.swift; path = DateComponentView.swift; sourceTree = "<group>"; };
		EC554B142A25315600C9A7C3 /* LinkItemView.swift */ = {isa = PBXFileReference; lastKnownFileType = sourcecode.swift; path = LinkItemView.swift; sourceTree = "<group>"; };
		EC554B162A255A8100C9A7C3 /* PastLaunchDateView.swift */ = {isa = PBXFileReference; lastKnownFileType = sourcecode.swift; path = PastLaunchDateView.swift; sourceTree = "<group>"; };
		EC554B182A25D67900C9A7C3 /* LaunchHeaderView.swift */ = {isa = PBXFileReference; lastKnownFileType = sourcecode.swift; path = LaunchHeaderView.swift; sourceTree = "<group>"; };
		EC554B1B2A26376900C9A7C3 /* CustomAlertVC.swift */ = {isa = PBXFileReference; lastKnownFileType = sourcecode.swift; path = CustomAlertVC.swift; sourceTree = "<group>"; };
/* End PBXFileReference section */

/* Begin PBXFrameworksBuildPhase section */
		EC554A932A20B7EE00C9A7C3 /* Frameworks */ = {
			isa = PBXFrameworksBuildPhase;
			buildActionMask = 2147483647;
			files = (
				EC554AFC2A23C02500C9A7C3 /* SnapKit in Frameworks */,
			);
			runOnlyForDeploymentPostprocessing = 0;
		};
/* End PBXFrameworksBuildPhase section */

/* Begin PBXGroup section */
		EC554A8D2A20B7EE00C9A7C3 = {
			isa = PBXGroup;
			children = (
				EC554A982A20B7EE00C9A7C3 /* SpaceX */,
				EC554A972A20B7EE00C9A7C3 /* Products */,
			);
			sourceTree = "<group>";
		};
		EC554A972A20B7EE00C9A7C3 /* Products */ = {
			isa = PBXGroup;
			children = (
				EC554A962A20B7EE00C9A7C3 /* SpaceX.app */,
			);
			name = Products;
			sourceTree = "<group>";
		};
		EC554A982A20B7EE00C9A7C3 /* SpaceX */ = {
			isa = PBXGroup;
			children = (
				EC554AB22A20CCB400C9A7C3 /* Support */,
				EC554AAE2A20B81200C9A7C3 /* Utilities */,
				EC554ABB2A20CDC600C9A7C3 /* Extensions */,
				EC554ABC2A20D19600C9A7C3 /* Models */,
				EC554ABA2A20CDC100C9A7C3 /* Services */,
				EC554AAD2A20B7FA00C9A7C3 /* Core */,
			);
			path = SpaceX;
			sourceTree = "<group>";
		};
		EC554AAD2A20B7FA00C9A7C3 /* Core */ = {
			isa = PBXGroup;
			children = (
				EC554AB42A20CD1300C9A7C3 /* Components */,
				EC554AB52A20CD1A00C9A7C3 /* Screens */,
			);
			path = Core;
			sourceTree = "<group>";
		};
		EC554AAE2A20B81200C9A7C3 /* Utilities */ = {
			isa = PBXGroup;
			children = (
				EC554AAF2A20B83000C9A7C3 /* Enums */,
				EC554AB02A20B83700C9A7C3 /* Helpers */,
				EC554AB12A20B83F00C9A7C3 /* Managers */,
			);
			path = Utilities;
			sourceTree = "<group>";
		};
		EC554AAF2A20B83000C9A7C3 /* Enums */ = {
			isa = PBXGroup;
			children = (
				EC554ABF2A20E2BF00C9A7C3 /* CustomError.swift */,
				EC554AC72A21181900C9A7C3 /* APIURLs.swift */,
				EC554AC92A21199F00C9A7C3 /* Constants.swift */,
			);
			path = Enums;
			sourceTree = "<group>";
		};
		EC554AB02A20B83700C9A7C3 /* Helpers */ = {
			isa = PBXGroup;
			children = (
				EC554AC32A20FAF100C9A7C3 /* UIHelper.swift */,
			);
			path = Helpers;
			sourceTree = "<group>";
		};
		EC554AB12A20B83F00C9A7C3 /* Managers */ = {
			isa = PBXGroup;
			children = (
				EC554ABD2A20E11700C9A7C3 /* NetworkManager.swift */,
				EC554AC12A20F12700C9A7C3 /* CacheManager.swift */,
			);
			path = Managers;
			sourceTree = "<group>";
		};
		EC554AB22A20CCB400C9A7C3 /* Support */ = {
			isa = PBXGroup;
			children = (
				EC554AA22A20B7EF00C9A7C3 /* Assets.xcassets */,
				EC554AA42A20B7EF00C9A7C3 /* LaunchScreen.storyboard */,
				EC554AA72A20B7EF00C9A7C3 /* Info.plist */,
				EC554AB32A20CCBB00C9A7C3 /* Delegate */,
			);
			path = Support;
			sourceTree = "<group>";
		};
		EC554AB32A20CCBB00C9A7C3 /* Delegate */ = {
			isa = PBXGroup;
			children = (
				EC554A992A20B7EE00C9A7C3 /* AppDelegate.swift */,
				EC554A9B2A20B7EE00C9A7C3 /* SceneDelegate.swift */,
			);
			path = Delegate;
			sourceTree = "<group>";
		};
		EC554AB42A20CD1300C9A7C3 /* Components */ = {
			isa = PBXGroup;
			children = (
				EC554B1A2A26371C00C9A7C3 /* ViewControllers */,
				EC554B0F2A2502AD00C9A7C3 /* Views */,
				EC554B0A2A24A68C00C9A7C3 /* StackViews */,
				EC554B052A24964900C9A7C3 /* Labels */,
				EC554AFE2A23DAAF00C9A7C3 /* Buttons */,
				EC554B012A23E79600C9A7C3 /* Cells */,
				EC554B022A23E79D00C9A7C3 /* ImageViews */,
			);
			path = Components;
			sourceTree = "<group>";
		};
		EC554AB52A20CD1A00C9A7C3 /* Screens */ = {
			isa = PBXGroup;
			children = (
				EC554AB62A20CD3C00C9A7C3 /* DetailScreen */,
				EC554AB72A20CD4900C9A7C3 /* HomeScreen */,
			);
			path = Screens;
			sourceTree = "<group>";
		};
		EC554AB62A20CD3C00C9A7C3 /* DetailScreen */ = {
			isa = PBXGroup;
			children = (
			);
			path = DetailScreen;
			sourceTree = "<group>";
		};
		EC554AB72A20CD4900C9A7C3 /* HomeScreen */ = {
			isa = PBXGroup;
			children = (
				EC554AB82A20CD6100C9A7C3 /* HomeVC.swift */,
			);
			path = HomeScreen;
			sourceTree = "<group>";
		};
		EC554ABA2A20CDC100C9A7C3 /* Services */ = {
			isa = PBXGroup;
			children = (
			);
			path = Services;
			sourceTree = "<group>";
		};
		EC554ABB2A20CDC600C9A7C3 /* Extensions */ = {
			isa = PBXGroup;
			children = (
				EC554AC52A21003500C9A7C3 /* CGFloat+Ext.swift */,
				EC554ACD2A22040700C9A7C3 /* Date+Ext.swift */,
				EC554ACF2A2208B000C9A7C3 /* Double+Ext.swift */,
				EC554AF62A23A57200C9A7C3 /* UIViewController+Ext.swift */,
				EC554AF82A23AFE500C9A7C3 /* UIView+Ext.swift */,
			);
			path = Extensions;
			sourceTree = "<group>";
		};
		EC554ABC2A20D19600C9A7C3 /* Models */ = {
			isa = PBXGroup;
			children = (
				EC554ACB2A212E9600C9A7C3 /* Launch.swift */,
			);
			path = Models;
			sourceTree = "<group>";
		};
		EC554AFE2A23DAAF00C9A7C3 /* Buttons */ = {
			isa = PBXGroup;
			children = (
				EC554AFF2A23DAC200C9A7C3 /* CustomButton.swift */,
			);
			path = Buttons;
			sourceTree = "<group>";
		};
		EC554B012A23E79600C9A7C3 /* Cells */ = {
			isa = PBXGroup;
			children = (
			);
			path = Cells;
			sourceTree = "<group>";
		};
		EC554B022A23E79D00C9A7C3 /* ImageViews */ = {
			isa = PBXGroup;
			children = (
				EC554B032A23E7D800C9A7C3 /* CustomImageView.swift */,
			);
			path = ImageViews;
			sourceTree = "<group>";
		};
		EC554B052A24964900C9A7C3 /* Labels */ = {
			isa = PBXGroup;
			children = (
				EC554B062A24966700C9A7C3 /* TitleLabel.swift */,
				EC554B082A24A32A00C9A7C3 /* BodyLabel.swift */,
			);
			path = Labels;
			sourceTree = "<group>";
		};
		EC554B0A2A24A68C00C9A7C3 /* StackViews */ = {
			isa = PBXGroup;
			children = (
				EC554B0B2A24A6A300C9A7C3 /* CustomStackView.swift */,
				EC554B0D2A24FEEA00C9A7C3 /* AlertContainerView.swift */,
			);
			path = StackViews;
			sourceTree = "<group>";
		};
		EC554B0F2A2502AD00C9A7C3 /* Views */ = {
			isa = PBXGroup;
			children = (
				EC554B102A2502FA00C9A7C3 /* StaticDateView.swift */,
				EC554B122A25174000C9A7C3 /* DateComponentView.swift */,
				EC554B142A25315600C9A7C3 /* LinkItemView.swift */,
				EC554B162A255A8100C9A7C3 /* PastLaunchDateView.swift */,
				EC554B182A25D67900C9A7C3 /* LaunchHeaderView.swift */,
			);
			path = Views;
			sourceTree = "<group>";
		};
		EC554B1A2A26371C00C9A7C3 /* ViewControllers */ = {
			isa = PBXGroup;
			children = (
				EC554B1B2A26376900C9A7C3 /* CustomAlertVC.swift */,
			);
			path = ViewControllers;
			sourceTree = "<group>";
		};
/* End PBXGroup section */

/* Begin PBXNativeTarget section */
		EC554A952A20B7EE00C9A7C3 /* SpaceX */ = {
			isa = PBXNativeTarget;
			buildConfigurationList = EC554AAA2A20B7EF00C9A7C3 /* Build configuration list for PBXNativeTarget "SpaceX" */;
			buildPhases = (
				EC554A922A20B7EE00C9A7C3 /* Sources */,
				EC554A932A20B7EE00C9A7C3 /* Frameworks */,
				EC554A942A20B7EE00C9A7C3 /* Resources */,
			);
			buildRules = (
			);
			dependencies = (
			);
			name = SpaceX;
			packageProductDependencies = (
				EC554AFB2A23C02500C9A7C3 /* SnapKit */,
			);
			productName = SpaceX;
			productReference = EC554A962A20B7EE00C9A7C3 /* SpaceX.app */;
			productType = "com.apple.product-type.application";
		};
/* End PBXNativeTarget section */

/* Begin PBXProject section */
		EC554A8E2A20B7EE00C9A7C3 /* Project object */ = {
			isa = PBXProject;
			attributes = {
				BuildIndependentTargetsInParallel = 1;
				LastSwiftUpdateCheck = 1410;
				LastUpgradeCheck = 1410;
				TargetAttributes = {
					EC554A952A20B7EE00C9A7C3 = {
						CreatedOnToolsVersion = 14.1;
					};
				};
			};
			buildConfigurationList = EC554A912A20B7EE00C9A7C3 /* Build configuration list for PBXProject "SpaceX" */;
			compatibilityVersion = "Xcode 14.0";
			developmentRegion = en;
			hasScannedForEncodings = 0;
			knownRegions = (
				en,
				Base,
			);
			mainGroup = EC554A8D2A20B7EE00C9A7C3;
			packageReferences = (
				EC554AFA2A23C02500C9A7C3 /* XCRemoteSwiftPackageReference "SnapKit" */,
			);
			productRefGroup = EC554A972A20B7EE00C9A7C3 /* Products */;
			projectDirPath = "";
			projectRoot = "";
			targets = (
				EC554A952A20B7EE00C9A7C3 /* SpaceX */,
			);
		};
/* End PBXProject section */

/* Begin PBXResourcesBuildPhase section */
		EC554A942A20B7EE00C9A7C3 /* Resources */ = {
			isa = PBXResourcesBuildPhase;
			buildActionMask = 2147483647;
			files = (
				EC554AA62A20B7EF00C9A7C3 /* LaunchScreen.storyboard in Resources */,
				EC554AA32A20B7EF00C9A7C3 /* Assets.xcassets in Resources */,
			);
			runOnlyForDeploymentPostprocessing = 0;
		};
/* End PBXResourcesBuildPhase section */

/* Begin PBXSourcesBuildPhase section */
		EC554A922A20B7EE00C9A7C3 /* Sources */ = {
			isa = PBXSourcesBuildPhase;
			buildActionMask = 2147483647;
			files = (
				EC554B0C2A24A6A300C9A7C3 /* CustomStackView.swift in Sources */,
				EC554AC62A21003500C9A7C3 /* CGFloat+Ext.swift in Sources */,
				EC554AC02A20E2BF00C9A7C3 /* CustomError.swift in Sources */,
				EC554AF92A23AFE500C9A7C3 /* UIView+Ext.swift in Sources */,
				EC554B192A25D67900C9A7C3 /* LaunchHeaderView.swift in Sources */,
				EC554B132A25174000C9A7C3 /* DateComponentView.swift in Sources */,
				EC554AF72A23A57200C9A7C3 /* UIViewController+Ext.swift in Sources */,
				EC554B002A23DAC200C9A7C3 /* CustomButton.swift in Sources */,
				EC554AD02A2208B000C9A7C3 /* Double+Ext.swift in Sources */,
				EC554ABE2A20E11700C9A7C3 /* NetworkManager.swift in Sources */,
				EC554ACE2A22040700C9A7C3 /* Date+Ext.swift in Sources */,
				EC554ACC2A212E9600C9A7C3 /* Launch.swift in Sources */,
				EC554AB92A20CD6100C9A7C3 /* HomeVC.swift in Sources */,
				EC554A9A2A20B7EE00C9A7C3 /* AppDelegate.swift in Sources */,
				EC554B152A25315600C9A7C3 /* LinkItemView.swift in Sources */,
				EC554B112A2502FA00C9A7C3 /* StaticDateView.swift in Sources */,
				EC554AC22A20F12700C9A7C3 /* CacheManager.swift in Sources */,
				EC554A9C2A20B7EE00C9A7C3 /* SceneDelegate.swift in Sources */,
				EC554ACA2A21199F00C9A7C3 /* Constants.swift in Sources */,
				EC554AC82A21181900C9A7C3 /* APIURLs.swift in Sources */,
				EC554B092A24A32A00C9A7C3 /* BodyLabel.swift in Sources */,
				EC554B1C2A26376900C9A7C3 /* CustomAlertVC.swift in Sources */,
				EC554B172A255A8100C9A7C3 /* PastLaunchDateView.swift in Sources */,
				EC554B072A24966700C9A7C3 /* TitleLabel.swift in Sources */,
				EC554B0E2A24FEEA00C9A7C3 /* AlertContainerView.swift in Sources */,
				EC554B042A23E7D800C9A7C3 /* CustomImageView.swift in Sources */,
				EC554AC42A20FAF100C9A7C3 /* UIHelper.swift in Sources */,
			);
			runOnlyForDeploymentPostprocessing = 0;
		};
/* End PBXSourcesBuildPhase section */

/* Begin PBXVariantGroup section */
		EC554AA42A20B7EF00C9A7C3 /* LaunchScreen.storyboard */ = {
			isa = PBXVariantGroup;
			children = (
				EC554AA52A20B7EF00C9A7C3 /* Base */,
			);
			name = LaunchScreen.storyboard;
			sourceTree = "<group>";
		};
/* End PBXVariantGroup section */

/* Begin XCBuildConfiguration section */
		EC554AA82A20B7EF00C9A7C3 /* Debug */ = {
			isa = XCBuildConfiguration;
			buildSettings = {
				ALWAYS_SEARCH_USER_PATHS = NO;
				CLANG_ANALYZER_NONNULL = YES;
				CLANG_ANALYZER_NUMBER_OBJECT_CONVERSION = YES_AGGRESSIVE;
				CLANG_CXX_LANGUAGE_STANDARD = "gnu++20";
				CLANG_ENABLE_MODULES = YES;
				CLANG_ENABLE_OBJC_ARC = YES;
				CLANG_ENABLE_OBJC_WEAK = YES;
				CLANG_WARN_BLOCK_CAPTURE_AUTORELEASING = YES;
				CLANG_WARN_BOOL_CONVERSION = YES;
				CLANG_WARN_COMMA = YES;
				CLANG_WARN_CONSTANT_CONVERSION = YES;
				CLANG_WARN_DEPRECATED_OBJC_IMPLEMENTATIONS = YES;
				CLANG_WARN_DIRECT_OBJC_ISA_USAGE = YES_ERROR;
				CLANG_WARN_DOCUMENTATION_COMMENTS = YES;
				CLANG_WARN_EMPTY_BODY = YES;
				CLANG_WARN_ENUM_CONVERSION = YES;
				CLANG_WARN_INFINITE_RECURSION = YES;
				CLANG_WARN_INT_CONVERSION = YES;
				CLANG_WARN_NON_LITERAL_NULL_CONVERSION = YES;
				CLANG_WARN_OBJC_IMPLICIT_RETAIN_SELF = YES;
				CLANG_WARN_OBJC_LITERAL_CONVERSION = YES;
				CLANG_WARN_OBJC_ROOT_CLASS = YES_ERROR;
				CLANG_WARN_QUOTED_INCLUDE_IN_FRAMEWORK_HEADER = YES;
				CLANG_WARN_RANGE_LOOP_ANALYSIS = YES;
				CLANG_WARN_STRICT_PROTOTYPES = YES;
				CLANG_WARN_SUSPICIOUS_MOVE = YES;
				CLANG_WARN_UNGUARDED_AVAILABILITY = YES_AGGRESSIVE;
				CLANG_WARN_UNREACHABLE_CODE = YES;
				CLANG_WARN__DUPLICATE_METHOD_MATCH = YES;
				COPY_PHASE_STRIP = NO;
				DEBUG_INFORMATION_FORMAT = dwarf;
				ENABLE_STRICT_OBJC_MSGSEND = YES;
				ENABLE_TESTABILITY = YES;
				GCC_C_LANGUAGE_STANDARD = gnu11;
				GCC_DYNAMIC_NO_PIC = NO;
				GCC_NO_COMMON_BLOCKS = YES;
				GCC_OPTIMIZATION_LEVEL = 0;
				GCC_PREPROCESSOR_DEFINITIONS = (
					"DEBUG=1",
					"$(inherited)",
				);
				GCC_WARN_64_TO_32_BIT_CONVERSION = YES;
				GCC_WARN_ABOUT_RETURN_TYPE = YES_ERROR;
				GCC_WARN_UNDECLARED_SELECTOR = YES;
				GCC_WARN_UNINITIALIZED_AUTOS = YES_AGGRESSIVE;
				GCC_WARN_UNUSED_FUNCTION = YES;
				GCC_WARN_UNUSED_VARIABLE = YES;
				IPHONEOS_DEPLOYMENT_TARGET = 16.1;
				MTL_ENABLE_DEBUG_INFO = INCLUDE_SOURCE;
				MTL_FAST_MATH = YES;
				ONLY_ACTIVE_ARCH = YES;
				SDKROOT = iphoneos;
				SWIFT_ACTIVE_COMPILATION_CONDITIONS = DEBUG;
				SWIFT_OPTIMIZATION_LEVEL = "-Onone";
			};
			name = Debug;
		};
		EC554AA92A20B7EF00C9A7C3 /* Release */ = {
			isa = XCBuildConfiguration;
			buildSettings = {
				ALWAYS_SEARCH_USER_PATHS = NO;
				CLANG_ANALYZER_NONNULL = YES;
				CLANG_ANALYZER_NUMBER_OBJECT_CONVERSION = YES_AGGRESSIVE;
				CLANG_CXX_LANGUAGE_STANDARD = "gnu++20";
				CLANG_ENABLE_MODULES = YES;
				CLANG_ENABLE_OBJC_ARC = YES;
				CLANG_ENABLE_OBJC_WEAK = YES;
				CLANG_WARN_BLOCK_CAPTURE_AUTORELEASING = YES;
				CLANG_WARN_BOOL_CONVERSION = YES;
				CLANG_WARN_COMMA = YES;
				CLANG_WARN_CONSTANT_CONVERSION = YES;
				CLANG_WARN_DEPRECATED_OBJC_IMPLEMENTATIONS = YES;
				CLANG_WARN_DIRECT_OBJC_ISA_USAGE = YES_ERROR;
				CLANG_WARN_DOCUMENTATION_COMMENTS = YES;
				CLANG_WARN_EMPTY_BODY = YES;
				CLANG_WARN_ENUM_CONVERSION = YES;
				CLANG_WARN_INFINITE_RECURSION = YES;
				CLANG_WARN_INT_CONVERSION = YES;
				CLANG_WARN_NON_LITERAL_NULL_CONVERSION = YES;
				CLANG_WARN_OBJC_IMPLICIT_RETAIN_SELF = YES;
				CLANG_WARN_OBJC_LITERAL_CONVERSION = YES;
				CLANG_WARN_OBJC_ROOT_CLASS = YES_ERROR;
				CLANG_WARN_QUOTED_INCLUDE_IN_FRAMEWORK_HEADER = YES;
				CLANG_WARN_RANGE_LOOP_ANALYSIS = YES;
				CLANG_WARN_STRICT_PROTOTYPES = YES;
				CLANG_WARN_SUSPICIOUS_MOVE = YES;
				CLANG_WARN_UNGUARDED_AVAILABILITY = YES_AGGRESSIVE;
				CLANG_WARN_UNREACHABLE_CODE = YES;
				CLANG_WARN__DUPLICATE_METHOD_MATCH = YES;
				COPY_PHASE_STRIP = NO;
				DEBUG_INFORMATION_FORMAT = "dwarf-with-dsym";
				ENABLE_NS_ASSERTIONS = NO;
				ENABLE_STRICT_OBJC_MSGSEND = YES;
				GCC_C_LANGUAGE_STANDARD = gnu11;
				GCC_NO_COMMON_BLOCKS = YES;
				GCC_WARN_64_TO_32_BIT_CONVERSION = YES;
				GCC_WARN_ABOUT_RETURN_TYPE = YES_ERROR;
				GCC_WARN_UNDECLARED_SELECTOR = YES;
				GCC_WARN_UNINITIALIZED_AUTOS = YES_AGGRESSIVE;
				GCC_WARN_UNUSED_FUNCTION = YES;
				GCC_WARN_UNUSED_VARIABLE = YES;
				IPHONEOS_DEPLOYMENT_TARGET = 16.1;
				MTL_ENABLE_DEBUG_INFO = NO;
				MTL_FAST_MATH = YES;
				SDKROOT = iphoneos;
				SWIFT_COMPILATION_MODE = wholemodule;
				SWIFT_OPTIMIZATION_LEVEL = "-O";
				VALIDATE_PRODUCT = YES;
			};
			name = Release;
		};
		EC554AAB2A20B7EF00C9A7C3 /* Debug */ = {
			isa = XCBuildConfiguration;
			buildSettings = {
				ASSETCATALOG_COMPILER_APPICON_NAME = AppIcon;
				ASSETCATALOG_COMPILER_GLOBAL_ACCENT_COLOR_NAME = AccentColor;
				CODE_SIGN_STYLE = Automatic;
				CURRENT_PROJECT_VERSION = 1;
				DEVELOPMENT_TEAM = 3KRQW7JR73;
				GENERATE_INFOPLIST_FILE = YES;
				INFOPLIST_FILE = SpaceX/Support/Info.plist;
				INFOPLIST_KEY_UIApplicationSupportsIndirectInputEvents = YES;
				INFOPLIST_KEY_UILaunchStoryboardName = LaunchScreen;
				INFOPLIST_KEY_UISupportedInterfaceOrientations_iPad = "UIInterfaceOrientationPortrait UIInterfaceOrientationPortraitUpsideDown UIInterfaceOrientationLandscapeLeft UIInterfaceOrientationLandscapeRight";
				INFOPLIST_KEY_UISupportedInterfaceOrientations_iPhone = "UIInterfaceOrientationPortrait UIInterfaceOrientationLandscapeLeft UIInterfaceOrientationLandscapeRight";
				LD_RUNPATH_SEARCH_PATHS = (
					"$(inherited)",
					"@executable_path/Frameworks",
				);
				MARKETING_VERSION = 1.0;
				PRODUCT_BUNDLE_IDENTIFIER = enes.SpaceX;
				PRODUCT_NAME = "$(TARGET_NAME)";
				SUPPORTED_PLATFORMS = "iphoneos iphonesimulator";
				SUPPORTS_MACCATALYST = NO;
				SUPPORTS_MAC_DESIGNED_FOR_IPHONE_IPAD = NO;
				SWIFT_EMIT_LOC_STRINGS = YES;
				SWIFT_VERSION = 5.0;
				TARGETED_DEVICE_FAMILY = 1;
			};
			name = Debug;
		};
		EC554AAC2A20B7EF00C9A7C3 /* Release */ = {
			isa = XCBuildConfiguration;
			buildSettings = {
				ASSETCATALOG_COMPILER_APPICON_NAME = AppIcon;
				ASSETCATALOG_COMPILER_GLOBAL_ACCENT_COLOR_NAME = AccentColor;
				CODE_SIGN_STYLE = Automatic;
				CURRENT_PROJECT_VERSION = 1;
				DEVELOPMENT_TEAM = 3KRQW7JR73;
				GENERATE_INFOPLIST_FILE = YES;
				INFOPLIST_FILE = SpaceX/Support/Info.plist;
				INFOPLIST_KEY_UIApplicationSupportsIndirectInputEvents = YES;
				INFOPLIST_KEY_UILaunchStoryboardName = LaunchScreen;
				INFOPLIST_KEY_UISupportedInterfaceOrientations_iPad = "UIInterfaceOrientationPortrait UIInterfaceOrientationPortraitUpsideDown UIInterfaceOrientationLandscapeLeft UIInterfaceOrientationLandscapeRight";
				INFOPLIST_KEY_UISupportedInterfaceOrientations_iPhone = "UIInterfaceOrientationPortrait UIInterfaceOrientationLandscapeLeft UIInterfaceOrientationLandscapeRight";
				LD_RUNPATH_SEARCH_PATHS = (
					"$(inherited)",
					"@executable_path/Frameworks",
				);
				MARKETING_VERSION = 1.0;
				PRODUCT_BUNDLE_IDENTIFIER = enes.SpaceX;
				PRODUCT_NAME = "$(TARGET_NAME)";
				SUPPORTED_PLATFORMS = "iphoneos iphonesimulator";
				SUPPORTS_MACCATALYST = NO;
				SUPPORTS_MAC_DESIGNED_FOR_IPHONE_IPAD = NO;
				SWIFT_EMIT_LOC_STRINGS = YES;
				SWIFT_VERSION = 5.0;
				TARGETED_DEVICE_FAMILY = 1;
			};
			name = Release;
		};
/* End XCBuildConfiguration section */

/* Begin XCConfigurationList section */
		EC554A912A20B7EE00C9A7C3 /* Build configuration list for PBXProject "SpaceX" */ = {
			isa = XCConfigurationList;
			buildConfigurations = (
				EC554AA82A20B7EF00C9A7C3 /* Debug */,
				EC554AA92A20B7EF00C9A7C3 /* Release */,
			);
			defaultConfigurationIsVisible = 0;
			defaultConfigurationName = Release;
		};
		EC554AAA2A20B7EF00C9A7C3 /* Build configuration list for PBXNativeTarget "SpaceX" */ = {
			isa = XCConfigurationList;
			buildConfigurations = (
				EC554AAB2A20B7EF00C9A7C3 /* Debug */,
				EC554AAC2A20B7EF00C9A7C3 /* Release */,
			);
			defaultConfigurationIsVisible = 0;
			defaultConfigurationName = Release;
		};
/* End XCConfigurationList section */

/* Begin XCRemoteSwiftPackageReference section */
		EC554AFA2A23C02500C9A7C3 /* XCRemoteSwiftPackageReference "SnapKit" */ = {
			isa = XCRemoteSwiftPackageReference;
			repositoryURL = "https://github.com/SnapKit/SnapKit.git";
			requirement = {
				kind = upToNextMajorVersion;
				minimumVersion = 5.0.0;
			};
		};
/* End XCRemoteSwiftPackageReference section */

/* Begin XCSwiftPackageProductDependency section */
		EC554AFB2A23C02500C9A7C3 /* SnapKit */ = {
			isa = XCSwiftPackageProductDependency;
			package = EC554AFA2A23C02500C9A7C3 /* XCRemoteSwiftPackageReference "SnapKit" */;
			productName = SnapKit;
		};
/* End XCSwiftPackageProductDependency section */
	};
	rootObject = EC554A8E2A20B7EE00C9A7C3 /* Project object */;
}
